
Microsoft Visual Studio Solution File, Format Version 12.00
# Visual Studio Version 17
VisualStudioVersion = 17.6.33815.320
MinimumVisualStudioVersion = 10.0.40219.1
Project("{9A19103F-16F7-4668-BE54-9A1E7A4F7556}") = "Academico", "Academico.csproj", "{A26471D3-2895-4523-9E3E-941249014CF7}"
EndProject
Global
	GlobalSection(SolutionConfigurationPlatforms) = preSolution
		Debug|Any CPU = Debug|Any CPU
		Release|Any CPU = Release|Any CPU
	EndGlobalSection
	GlobalSection(ProjectConfigurationPlatforms) = postSolution
		{A26471D3-2895-4523-9E3E-941249014CF7}.Debug|Any CPU.ActiveCfg = Debug|Any CPU
		{A26471D3-2895-4523-9E3E-941249014CF7}.Debug|Any CPU.Build.0 = Debug|Any CPU
		{A26471D3-2895-4523-9E3E-941249014CF7}.Release|Any CPU.ActiveCfg = Release|Any CPU
		{A26471D3-2895-4523-9E3E-941249014CF7}.Release|Any CPU.Build.0 = Release|Any CPU
	EndGlobalSection
	GlobalSection(SolutionProperties) = preSolution
		HideSolutionNode = FALSE
	EndGlobalSection
	GlobalSection(ExtensibilityGlobals) = postSolution
		SolutionGuid = {5D12F9B5-2B55-4F9A-9CB4-EF4070AEF63A}
	EndGlobalSection
EndGlobal
