
Microsoft Visual Studio Solution File, Format Version 12.00
# Visual Studio Version 17
VisualStudioVersion = 17.5.33516.290
MinimumVisualStudioVersion = 10.0.40219.1
Project("{FAE04EC0-301F-11D3-BF4B-00C04F79EFBC}") = "AnimalGenerator", "AnimalGenerator\AnimalGenerator.csproj", "{80172CC8-0B32-42F2-9CD2-FE39E184BC00}"
EndProject
Global
	GlobalSection(SolutionConfigurationPlatforms) = preSolution
		Debug|Any CPU = Debug|Any CPU
		Release|Any CPU = Release|Any CPU
	EndGlobalSection
	GlobalSection(ProjectConfigurationPlatforms) = postSolution
		{80172CC8-0B32-42F2-9CD2-FE39E184BC00}.Debug|Any CPU.ActiveCfg = Debug|Any CPU
		{80172CC8-0B32-42F2-9CD2-FE39E184BC00}.Debug|Any CPU.Build.0 = Debug|Any CPU
		{80172CC8-0B32-42F2-9CD2-FE39E184BC00}.Release|Any CPU.ActiveCfg = Release|Any CPU
		{80172CC8-0B32-42F2-9CD2-FE39E184BC00}.Release|Any CPU.Build.0 = Release|Any CPU
	EndGlobalSection
	GlobalSection(SolutionProperties) = preSolution
		HideSolutionNode = FALSE
	EndGlobalSection
	GlobalSection(ExtensibilityGlobals) = postSolution
		SolutionGuid = {A7E4F780-6ACE-4F96-B8A4-929F2D01E9AE}
	EndGlobalSection
EndGlobal
