
Microsoft Visual Studio Solution File, Format Version 12.00
# Visual Studio Version 17
VisualStudioVersion = 17.6.33815.320
MinimumVisualStudioVersion = 10.0.40219.1
Project("{FAE04EC0-301F-11D3-BF4B-00C04F79EFBC}") = "CrudMvc", "CrudMvc\CrudMvc.csproj", "{A57AA67F-5A97-486B-979F-05CAA6045C5F}"
EndProject
Global
	GlobalSection(SolutionConfigurationPlatforms) = preSolution
		Debug|Any CPU = Debug|Any CPU
		Release|Any CPU = Release|Any CPU
	EndGlobalSection
	GlobalSection(ProjectConfigurationPlatforms) = postSolution
		{A57AA67F-5A97-486B-979F-05CAA6045C5F}.Debug|Any CPU.ActiveCfg = Debug|Any CPU
		{A57AA67F-5A97-486B-979F-05CAA6045C5F}.Debug|Any CPU.Build.0 = Debug|Any CPU
		{A57AA67F-5A97-486B-979F-05CAA6045C5F}.Release|Any CPU.ActiveCfg = Release|Any CPU
		{A57AA67F-5A97-486B-979F-05CAA6045C5F}.Release|Any CPU.Build.0 = Release|Any CPU
	EndGlobalSection
	GlobalSection(SolutionProperties) = preSolution
		HideSolutionNode = FALSE
	EndGlobalSection
	GlobalSection(ExtensibilityGlobals) = postSolution
		SolutionGuid = {DBB0A5D2-8516-4015-AFE6-9AA92E4D478F}
	EndGlobalSection
EndGlobal
